
Microsoft Visual Studio Solution File, Format Version 12.00
# Visual Studio Version 17
VisualStudioVersion = 17.9.34622.214
MinimumVisualStudioVersion = 10.0.40219.1
Project("{FAE04EC0-301F-11D3-BF4B-00C04F79EFBC}") = "DapperGenericRepository", "DapperGenericRepository\DapperGenericRepository.csproj", "{2C7BCA3E-21C5-4EC6-808E-641616E32621}"
EndProject
Global
	GlobalSection(SolutionConfigurationPlatforms) = preSolution
		Debug|Any CPU = Debug|Any CPU
		Release|Any CPU = Release|Any CPU
	EndGlobalSection
	GlobalSection(ProjectConfigurationPlatforms) = postSolution
		{2C7BCA3E-21C5-4EC6-808E-641616E32621}.Debug|Any CPU.ActiveCfg = Debug|Any CPU
		{2C7BCA3E-21C5-4EC6-808E-641616E32621}.Debug|Any CPU.Build.0 = Debug|Any CPU
		{2C7BCA3E-21C5-4EC6-808E-641616E32621}.Release|Any CPU.ActiveCfg = Release|Any CPU
		{2C7BCA3E-21C5-4EC6-808E-641616E32621}.Release|Any CPU.Build.0 = Release|Any CPU
	EndGlobalSection
	GlobalSection(SolutionProperties) = preSolution
		HideSolutionNode = FALSE
	EndGlobalSection
	GlobalSection(ExtensibilityGlobals) = postSolution
		SolutionGuid = {B6C96A0F-CF0C-4AA4-961B-8161465FD8C6}
	EndGlobalSection
EndGlobal
